
Microsoft Visual Studio Solution File, Format Version 12.00
# Visual Studio 15
VisualStudioVersion = 15.0.28307.271
MinimumVisualStudioVersion = 10.0.40219.1
Project("{FAE04EC0-301F-11D3-BF4B-00C04F79EFBC}") = "TaskTracker", "TaskTracker\TaskTracker.csproj", "{B3C0AE2D-A1D9-41F9-9F1B-293284765AB3}"
EndProject
Global
	GlobalSection(SolutionConfigurationPlatforms) = preSolution
		Debug|Any CPU = Debug|Any CPU
		Release|Any CPU = Release|Any CPU
	EndGlobalSection
	GlobalSection(ProjectConfigurationPlatforms) = postSolution
		{B3C0AE2D-A1D9-41F9-9F1B-293284765AB3}.Debug|Any CPU.ActiveCfg = Debug|Any CPU
		{B3C0AE2D-A1D9-41F9-9F1B-293284765AB3}.Debug|Any CPU.Build.0 = Debug|Any CPU
		{B3C0AE2D-A1D9-41F9-9F1B-293284765AB3}.Release|Any CPU.ActiveCfg = Release|Any CPU
		{B3C0AE2D-A1D9-41F9-9F1B-293284765AB3}.Release|Any CPU.Build.0 = Release|Any CPU
	EndGlobalSection
	GlobalSection(SolutionProperties) = preSolution
		HideSolutionNode = FALSE
	EndGlobalSection
	GlobalSection(ExtensibilityGlobals) = postSolution
		SolutionGuid = {9BCA6732-FB7E-4481-941E-75B1BC7073E0}
	EndGlobalSection
EndGlobal
